// !$*UTF8*$!
{
	archiveVersion = 1;
	classes = {
	};
	objectVersion = 77;
	objects = {

/* Begin PBXContainerItemProxy section */
		36E53E8C2F86C1ED00E38F41 /* PBXContainerItemProxy */ = {
			isa = PBXContainerItemProxy;
			containerPortal = 36E53E762F86C1EC00E38F41 /* Project object */;
			proxyType = 1;
			remoteGlobalIDString = 36E53E7D2F86C1EC00E38F41;
			remoteInfo = CareBridge;
		};
		36E53E962F86C1ED00E38F41 /* PBXContainerItemProxy */ = {
			isa = PBXContainerItemProxy;
			containerPortal = 36E53E762F86C1EC00E38F41 /* Project object */;
			proxyType = 1;
			remoteGlobalIDString = 36E53E7D2F86C1EC00E38F41;
			remoteInfo = CareBridge;
		};
/* End PBXContainerItemProxy section */

/* Begin PBXFileReference section */
		36E53E7E2F86C1EC00E38F41 /* CareBridge.app */ = {isa = PBXFileReference; explicitFileType = wrapper.application; includeInIndex = 0; path = CareBridge.app; sourceTree = BUILT_PRODUCTS_DIR; };
		36E53E8B2F86C1ED00E38F41 /* CareBridgeTests.xctest */ = {isa = PBXFileReference; explicitFileType = wrapper.cfbundle; includeInIndex = 0; path = CareBridgeTests.xctest; sourceTree = BUILT_PRODUCTS_DIR; };
		36E53E952F86C1ED00E38F41 /* CareBridgeUITests.xctest */ = {isa = PBXFileReference; explicitFileType = wrapper.cfbundle; includeInIndex = 0; path = CareBridgeUITests.xctest; sourceTree = BUILT_PRODUCTS_DIR; };
/* End PBXFileReference section */

/* Begin PBXFileSystemSynchronizedBuildFileExceptionSet section */
		36AD1E6C2F8EC63800B6EFC0 /* Exceptions for "CareBridge" folder in "CareBridge" target */ = {
			isa = PBXFileSystemSynchronizedBuildFileExceptionSet;
			membershipExceptions = (
				Info.plist,
			);
			target = 36E53E7D2F86C1EC00E38F41 /* CareBridge */;
		};
		36E541812F8A78C100E38F41 /* Exceptions for "Doc" folder in "CareBridgeUITests" target */ = {
			isa = PBXFileSystemSynchronizedBuildFileExceptionSet;
			membershipExceptions = (
				CareBridge_Frontend_Tasks.md,
			);
			target = 36E53E942F86C1ED00E38F41 /* CareBridgeUITests */;
		};
/* End PBXFileSystemSynchronizedBuildFileExceptionSet section */

/* Begin PBXFileSystemSynchronizedRootGroup section */
		36E53E802F86C1EC00E38F41 /* CareBridge */ = {
			isa = PBXFileSystemSynchronizedRootGroup;
			exceptions = (
				36AD1E6C2F8EC63800B6EFC0 /* Exceptions for "CareBridge" folder in "CareBridge" target */,
			);
			path = CareBridge;
			sourceTree = "<group>";
		};
		36E53E8E2F86C1ED00E38F41 /* CareBridgeTests */ = {
			isa = PBXFileSystemSynchronizedRootGroup;
			path = CareBridgeTests;
			sourceTree = "<group>";
		};
		36E53E982F86C1ED00E38F41 /* CareBridgeUITests */ = {
			isa = PBXFileSystemSynchronizedRootGroup;
			path = CareBridgeUITests;
			sourceTree = "<group>";
		};
		36E53EA92F86CEC500E38F41 /* Doc */ = {
			isa = PBXFileSystemSynchronizedRootGroup;
			exceptions = (
				36E541812F8A78C100E38F41 /* Exceptions for "Doc" folder in "CareBridgeUITests" target */,
			);
			path = Doc;
			sourceTree = "<group>";
		};
/* End PBXFileSystemSynchronizedRootGroup section */

/* Begin PBXFrameworksBuildPhase section */
		36E53E7B2F86C1EC00E38F41 /* Frameworks */ = {
			isa = PBXFrameworksBuildPhase;
			buildActionMask = 2147483647;
			files = (
			);
			runOnlyForDeploymentPostprocessing = 0;
		};
		36E53E882F86C1ED00E38F41 /* Frameworks */ = {
			isa = PBXFrameworksBuildPhase;
			buildActionMask = 2147483647;
			files = (
			);
			runOnlyForDeploymentPostprocessing = 0;
		};
		36E53E922F86C1ED00E38F41 /* Frameworks */ = {
			isa = PBXFrameworksBuildPhase;
			buildActionMask = 2147483647;
			files = (
			);
			runOnlyForDeploymentPostprocessing = 0;
		};
/* End PBXFrameworksBuildPhase section */

/* Begin PBXGroup section */
		36E53E752F86C1EC00E38F41 = {
			isa = PBXGroup;
			children = (
				36E53E802F86C1EC00E38F41 /* CareBridge */,
				36E53E8E2F86C1ED00E38F41 /* CareBridgeTests */,
				36E53E982F86C1ED00E38F41 /* CareBridgeUITests */,
				36E53E7F2F86C1EC00E38F41 /* Products */,
				36E53EA92F86CEC500E38F41 /* Doc */,
			);
			sourceTree = "<group>";
		};
		36E53E7F2F86C1EC00E38F41 /* Products */ = {
			isa = PBXGroup;
			children = (
				36E53E7E2F86C1EC00E38F41 /* CareBridge.app */,
				36E53E8B2F86C1ED00E38F41 /* CareBridgeTests.xctest */,
				36E53E952F86C1ED00E38F41 /* CareBridgeUITests.xctest */,
			);
			name = Products;
			sourceTree = "<group>";
		};
/* End PBXGroup section */

/* Begin PBXNativeTarget section */
		36E53E7D2F86C1EC00E38F41 /* CareBridge */ = {
			isa = PBXNativeTarget;
			buildConfigurationList = 36E53E9F2F86C1ED00E38F41 /* Build configuration list for PBXNativeTarget "CareBridge" */;
			buildPhases = (
				36E53E7A2F86C1EC00E38F41 /* Sources */,
				36E53E7B2F86C1EC00E38F41 /* Frameworks */,
				36E53E7C2F86C1EC00E38F41 /* Resources */,
			);
			buildRules = (
			);
			dependencies = (
			);
			fileSystemSynchronizedGroups = (
				36E53E802F86C1EC00E38F41 /* CareBridge */,
			);
			name = CareBridge;
			packageProductDependencies = (
			);
			productName = CareBridge;
			productReference = 36E53E7E2F86C1EC00E38F41 /* CareBridge.app */;
			productType = "com.apple.product-type.application";
		};
		36E53E8A2F86C1ED00E38F41 /* CareBridgeTests */ = {
			isa = PBXNativeTarget;
			buildConfigurationList = 36E53EA22F86C1ED00E38F41 /* Build configuration list for PBXNativeTarget "CareBridgeTests" */;
			buildPhases = (
				36E53E872F86C1ED00E38F41 /* Sources */,
				36E53E882F86C1ED00E38F41 /* Frameworks */,
				36E53E892F86C1ED00E38F41 /* Resources */,
			);
			buildRules = (
			);
			dependencies = (
				36E53E8D2F86C1ED00E38F41 /* PBXTargetDependency */,
			);
			fileSystemSynchronizedGroups = (
				36E53E8E2F86C1ED00E38F41 /* CareBridgeTests */,
			);
			name = CareBridgeTests;
			packageProductDependencies = (
			);
			productName = CareBridgeTests;
			productReference = 36E53E8B2F86C1ED00E38F41 /* CareBridgeTests.xctest */;
			productType = "com.apple.product-type.bundle.unit-test";
		};
		36E53E942F86C1ED00E38F41 /* CareBridgeUITests */ = {
			isa = PBXNativeTarget;
			buildConfigurationList = 36E53EA52F86C1ED00E38F41 /* Build configuration list for PBXNativeTarget "CareBridgeUITests" */;
			buildPhases = (
				36E53E912F86C1ED00E38F41 /* Sources */,
				36E53E922F86C1ED00E38F41 /* Frameworks */,
				36E53E932F86C1ED00E38F41 /* Resources */,
			);
			buildRules = (
			);
			dependencies = (
				36E53E972F86C1ED00E38F41 /* PBXTargetDependency */,
			);
			fileSystemSynchronizedGroups = (
				36E53E982F86C1ED00E38F41 /* CareBridgeUITests */,
				36E53EA92F86CEC500E38F41 /* Doc */,
			);
			name = CareBridgeUITests;
			packageProductDependencies = (
			);
			productName = CareBridgeUITests;
			productReference = 36E53E952F86C1ED00E38F41 /* CareBridgeUITests.xctest */;
			productType = "com.apple.product-type.bundle.ui-testing";
		};
/* End PBXNativeTarget section */

/* Begin PBXProject section */
		36E53E762F86C1EC00E38F41 /* Project object */ = {
			isa = PBXProject;
			attributes = {
				BuildIndependentTargetsInParallel = 1;
				LastSwiftUpdateCheck = 2640;
				LastUpgradeCheck = 2640;
				TargetAttributes = {
					36E53E7D2F86C1EC00E38F41 = {
						CreatedOnToolsVersion = 26.4;
					};
					36E53E8A2F86C1ED00E38F41 = {
						CreatedOnToolsVersion = 26.4;
						TestTargetID = 36E53E7D2F86C1EC00E38F41;
					};
					36E53E942F86C1ED00E38F41 = {
						CreatedOnToolsVersion = 26.4;
						TestTargetID = 36E53E7D2F86C1EC00E38F41;
					};
				};
			};
			buildConfigurationList = 36E53E792F86C1EC00E38F41 /* Build configuration list for PBXProject "CareBridge" */;
			developmentRegion = en;
			hasScannedForEncodings = 0;
			knownRegions = (
				en,
				Base,
			);
			mainGroup = 36E53E752F86C1EC00E38F41;
			minimizedProjectReferenceProxies = 1;
			preferredProjectObjectVersion = 77;
			productRefGroup = 36E53E7F2F86C1EC00E38F41 /* Products */;
			projectDirPath = "";
			projectRoot = "";
			targets = (
				36E53E7D2F86C1EC00E38F41 /* CareBridge */,
				36E53E8A2F86C1ED00E38F41 /* CareBridgeTests */,
				36E53E942F86C1ED00E38F41 /* CareBridgeUITests */,
			);
		};
/* End PBXProject section */

/* Begin PBXResourcesBuildPhase section */
		36E53E7C2F86C1EC00E38F41 /* Resources */ = {
			isa = PBXResourcesBuildPhase;
			buildActionMask = 2147483647;
			files = (
			);
			runOnlyForDeploymentPostprocessing = 0;
		};
		36E53E892F86C1ED00E38F41 /* Resources */ = {
			isa = PBXResourcesBuildPhase;
			buildActionMask = 2147483647;
			files = (
			);
			runOnlyForDeploymentPostprocessing = 0;
		};
		36E53E932F86C1ED00E38F41 /* Resources */ = {
			isa = PBXResourcesBuildPhase;
			buildActionMask = 2147483647;
			files = (
			);
			runOnlyForDeploymentPostprocessing = 0;
		};
/* End PBXResourcesBuildPhase section */

/* Begin PBXSourcesBuildPhase section */
		36E53E7A2F86C1EC00E38F41 /* Sources */ = {
			isa = PBXSourcesBuildPhase;
			buildActionMask = 2147483647;
			files = (
			);
			runOnlyForDeploymentPostprocessing = 0;
		};
		36E53E872F86C1ED00E38F41 /* Sources */ = {
			isa = PBXSourcesBuildPhase;
			buildActionMask = 2147483647;
			files = (
			);
			runOnlyForDeploymentPostprocessing = 0;
		};
		36E53E912F86C1ED00E38F41 /* Sources */ = {
			isa = PBXSourcesBuildPhase;
			buildActionMask = 2147483647;
			files = (
			);
			runOnlyForDeploymentPostprocessing = 0;
		};
/* End PBXSourcesBuildPhase section */

/* Begin PBXTargetDependency section */
		36E53E8D2F86C1ED00E38F41 /* PBXTargetDependency */ = {
			isa = PBXTargetDependency;
			target = 36E53E7D2F86C1EC00E38F41 /* CareBridge */;
			targetProxy = 36E53E8C2F86C1ED00E38F41 /* PBXContainerItemProxy */;
		};
		36E53E972F86C1ED00E38F41 /* PBXTargetDependency */ = {
			isa = PBXTargetDependency;
			target = 36E53E7D2F86C1EC00E38F41 /* CareBridge */;
			targetProxy = 36E53E962F86C1ED00E38F41 /* PBXContainerItemProxy */;
		};
/* End PBXTargetDependency section */

/* Begin XCBuildConfiguration section */
		36E53E9D2F86C1ED00E38F41 /* Debug */ = {
			isa = XCBuildConfiguration;
			buildSettings = {
				ALWAYS_SEARCH_USER_PATHS = NO;
				ASSETCATALOG_COMPILER_GENERATE_SWIFT_ASSET_SYMBOL_EXTENSIONS = YES;
				CLANG_ANALYZER_NONNULL = YES;
				CLANG_ANALYZER_NUMBER_OBJECT_CONVERSION = YES_AGGRESSIVE;
				CLANG_CXX_LANGUAGE_STANDARD = "gnu++20";
				CLANG_ENABLE_MODULES = YES;
				CLANG_ENABLE_OBJC_ARC = YES;
				CLANG_ENABLE_OBJC_WEAK = YES;
				CLANG_WARN_BLOCK_CAPTURE_AUTORELEASING = YES;
				CLANG_WARN_BOOL_CONVERSION = YES;
				CLANG_WARN_COMMA = YES;
				CLANG_WARN_CONSTANT_CONVERSION = YES;
				CLANG_WARN_DEPRECATED_OBJC_IMPLEMENTATIONS = YES;
				CLANG_WARN_DIRECT_OBJC_ISA_USAGE = YES_ERROR;
				CLANG_WARN_DOCUMENTATION_COMMENTS = YES;
				CLANG_WARN_EMPTY_BODY = YES;
				CLANG_WARN_ENUM_CONVERSION = YES;
				CLANG_WARN_INFINITE_RECURSION = YES;
				CLANG_WARN_INT_CONVERSION = YES;
				CLANG_WARN_NON_LITERAL_NULL_CONVERSION = YES;
				CLANG_WARN_OBJC_IMPLICIT_RETAIN_SELF = YES;
				CLANG_WARN_OBJC_LITERAL_CONVERSION = YES;
				CLANG_WARN_OBJC_ROOT_CLASS = YES_ERROR;
				CLANG_WARN_QUOTED_INCLUDE_IN_FRAMEWORK_HEADER = YES;
				CLANG_WARN_RANGE_LOOP_ANALYSIS = YES;
				CLANG_WARN_STRICT_PROTOTYPES = YES;
				CLANG_WARN_SUSPICIOUS_MOVE = YES;
				CLANG_WARN_UNGUARDED_AVAILABILITY = YES_AGGRESSIVE;
				CLANG_WARN_UNREACHABLE_CODE = YES;
				CLANG_WARN__DUPLICATE_METHOD_MATCH = YES;
				COPY_PHASE_STRIP = NO;
				DEBUG_INFORMATION_FORMAT = dwarf;
				ENABLE_STRICT_OBJC_MSGSEND = YES;
				ENABLE_TESTABILITY = YES;
				ENABLE_USER_SCRIPT_SANDBOXING = YES;
				GCC_C_LANGUAGE_STANDARD = gnu17;
				GCC_DYNAMIC_NO_PIC = NO;
				GCC_NO_COMMON_BLOCKS = YES;
				GCC_OPTIMIZATION_LEVEL = 0;
				GCC_PREPROCESSOR_DEFINITIONS = (
					"DEBUG=1",
					"$(inherited)",
				);
				GCC_WARN_64_TO_32_BIT_CONVERSION = YES;
				GCC_WARN_ABOUT_RETURN_TYPE = YES_ERROR;
				GCC_WARN_UNDECLARED_SELECTOR = YES;
				GCC_WARN_UNINITIALIZED_AUTOS = YES_AGGRESSIVE;
				GCC_WARN_UNUSED_FUNCTION = YES;
				GCC_WARN_UNUSED_VARIABLE = YES;
				IPHONEOS_DEPLOYMENT_TARGET = 26.4;
				LOCALIZATION_PREFERS_STRING_CATALOGS = YES;
				MTL_ENABLE_DEBUG_INFO = INCLUDE_SOURCE;
				MTL_FAST_MATH = YES;
				ONLY_ACTIVE_ARCH = YES;
				SDKROOT = iphoneos;
				SWIFT_ACTIVE_COMPILATION_CONDITIONS = "DEBUG $(inherited)";
				SWIFT_OPTIMIZATION_LEVEL = "-Onone";
			};
			name = Debug;
		};
		36E53E9E2F86C1ED00E38F41 /* Release */ = {
			isa = XCBuildConfiguration;
			buildSettings = {
				ALWAYS_SEARCH_USER_PATHS = NO;
				ASSETCATALOG_COMPILER_GENERATE_SWIFT_ASSET_SYMBOL_EXTENSIONS = YES;
				CLANG_ANALYZER_NONNULL = YES;
				CLANG_ANALYZER_NUMBER_OBJECT_CONVERSION = YES_AGGRESSIVE;
				CLANG_CXX_LANGUAGE_STANDARD = "gnu++20";
				CLANG_ENABLE_MODULES = YES;
				CLANG_ENABLE_OBJC_ARC = YES;
				CLANG_ENABLE_OBJC_WEAK = YES;
				CLANG_WARN_BLOCK_CAPTURE_AUTORELEASING = YES;
				CLANG_WARN_BOOL_CONVERSION = YES;
				CLANG_WARN_COMMA = YES;
				CLANG_WARN_CONSTANT_CONVERSION = YES;
				CLANG_WARN_DEPRECATED_OBJC_IMPLEMENTATIONS = YES;
				CLANG_WARN_DIRECT_OBJC_ISA_USAGE = YES_ERROR;
				CLANG_WARN_DOCUMENTATION_COMMENTS = YES;
				CLANG_WARN_EMPTY_BODY = YES;
				CLANG_WARN_ENUM_CONVERSION = YES;
				CLANG_WARN_INFINITE_RECURSION = YES;
				CLANG_WARN_INT_CONVERSION = YES;
				CLANG_WARN_NON_LITERAL_NULL_CONVERSION = YES;
				CLANG_WARN_OBJC_IMPLICIT_RETAIN_SELF = YES;
				CLANG_WARN_OBJC_LITERAL_CONVERSION = YES;
				CLANG_WARN_OBJC_ROOT_CLASS = YES_ERROR;
				CLANG_WARN_QUOTED_INCLUDE_IN_FRAMEWORK_HEADER = YES;
				CLANG_WARN_RANGE_LOOP_ANALYSIS = YES;
				CLANG_WARN_STRICT_PROTOTYPES = YES;
				CLANG_WARN_SUSPICIOUS_MOVE = YES;
				CLANG_WARN_UNGUARDED_AVAILABILITY = YES_AGGRESSIVE;
				CLANG_WARN_UNREACHABLE_CODE = YES;
				CLANG_WARN__DUPLICATE_METHOD_MATCH = YES;
				COPY_PHASE_STRIP = NO;
				DEBUG_INFORMATION_FORMAT = "dwarf-with-dsym";
				ENABLE_NS_ASSERTIONS = NO;
				ENABLE_STRICT_OBJC_MSGSEND = YES;
				ENABLE_USER_SCRIPT_SANDBOXING = YES;
				GCC_C_LANGUAGE_STANDARD = gnu17;
				GCC_NO_COMMON_BLOCKS = YES;
				GCC_WARN_64_TO_32_BIT_CONVERSION = YES;
				GCC_WARN_ABOUT_RETURN_TYPE = YES_ERROR;
				GCC_WARN_UNDECLARED_SELECTOR = YES;
				GCC_WARN_UNINITIALIZED_AUTOS = YES_AGGRESSIVE;
				GCC_WARN_UNUSED_FUNCTION = YES;
				GCC_WARN_UNUSED_VARIABLE = YES;
				IPHONEOS_DEPLOYMENT_TARGET = 26.4;
				LOCALIZATION_PREFERS_STRING_CATALOGS = YES;
				MTL_ENABLE_DEBUG_INFO = NO;
				MTL_FAST_MATH = YES;
				SDKROOT = iphoneos;
				SWIFT_COMPILATION_MODE = wholemodule;
				VALIDATE_PRODUCT = YES;
			};
			name = Release;
		};
		36E53EA02F86C1ED00E38F41 /* Debug */ = {
			isa = XCBuildConfiguration;
			buildSettings = {
				ASSETCATALOG_COMPILER_APPICON_NAME = AppIcon;
				ASSETCATALOG_COMPILER_GLOBAL_ACCENT_COLOR_NAME = AccentColor;
				CODE_SIGN_ENTITLEMENTS = CareBridge/CareBridge.entitlements;
				CODE_SIGN_STYLE = Automatic;
				CURRENT_PROJECT_VERSION = 1;
				DEVELOPMENT_TEAM = 82LKV2GF52;
				ENABLE_PREVIEWS = YES;
				GENERATE_INFOPLIST_FILE = YES;
				INFOPLIST_FILE = CareBridge/Info.plist;
				INFOPLIST_KEY_NSCameraUsageDescription = "CareBridge 需要使用相機來掃描收據";
				INFOPLIST_KEY_NSHealthShareUsageDescription = "CareBridge 需要讀取健康資料來監測長者的生理數值";
				INFOPLIST_KEY_NSHealthUpdateUsageDescription = "CareBridge 需要寫入健康資料來記錄照護紀錄";
				INFOPLIST_KEY_NSLocationWhenInUseUsageDescription = "CareBridge 需要取得位置資訊以便在緊急求助時傳送給家庭成員";
				INFOPLIST_KEY_NSMicrophoneUsageDescription = "CareBridge 需要使用麥克風來進行語音輸入";
				INFOPLIST_KEY_NSPhotoLibraryUsageDescription = "CareBridge 需要存取相片庫來選擇收據圖片";
				INFOPLIST_KEY_UIApplicationSceneManifest_Generation = YES;
				INFOPLIST_KEY_UIApplicationSupportsIndirectInputEvents = YES;
				INFOPLIST_KEY_UILaunchScreen_Generation = YES;
				INFOPLIST_KEY_UISupportedInterfaceOrientations_iPad = "UIInterfaceOrientationPortrait UIInterfaceOrientationPortraitUpsideDown UIInterfaceOrientationLandscapeLeft UIInterfaceOrientationLandscapeRight";
				INFOPLIST_KEY_UISupportedInterfaceOrientations_iPhone = "UIInterfaceOrientationPortrait UIInterfaceOrientationLandscapeLeft UIInterfaceOrientationLandscapeRight";
				LD_RUNPATH_SEARCH_PATHS = (
					"$(inherited)",
					"@executable_path/Frameworks",
				);
				MARKETING_VERSION = 1.0;
				PRODUCT_BUNDLE_IDENTIFIER = Hank.CareBridge;
				PRODUCT_NAME = "$(TARGET_NAME)";
				STRING_CATALOG_GENERATE_SYMBOLS = YES;
				SWIFT_APPROACHABLE_CONCURRENCY = YES;
				SWIFT_DEFAULT_ACTOR_ISOLATION = MainActor;
				SWIFT_EMIT_LOC_STRINGS = YES;
				SWIFT_UPCOMING_FEATURE_MEMBER_IMPORT_VISIBILITY = YES;
				SWIFT_VERSION = 5.0;
				TARGETED_DEVICE_FAMILY = "1,2";
			};
			name = Debug;
		};
		36E53EA12F86C1ED00E38F41 /* Release */ = {
			isa = XCBuildConfiguration;
			buildSettings = {
				ASSETCATALOG_COMPILER_APPICON_NAME = AppIcon;
				ASSETCATALOG_COMPILER_GLOBAL_ACCENT_COLOR_NAME = AccentColor;
				CODE_SIGN_ENTITLEMENTS = CareBridge/CareBridge.entitlements;
				CODE_SIGN_STYLE = Automatic;
				CURRENT_PROJECT_VERSION = 1;
				DEVELOPMENT_TEAM = 82LKV2GF52;
				ENABLE_PREVIEWS = YES;
				GENERATE_INFOPLIST_FILE = YES;
				INFOPLIST_FILE = CareBridge/Info.plist;
				INFOPLIST_KEY_NSCameraUsageDescription = "CareBridge 需要使用相機來掃描收據";
				INFOPLIST_KEY_NSHealthShareUsageDescription = "CareBridge 需要讀取健康資料來監測長者的生理數值";
				INFOPLIST_KEY_NSHealthUpdateUsageDescription = "CareBridge 需要寫入健康資料來記錄照護紀錄";
				INFOPLIST_KEY_NSLocationWhenInUseUsageDescription = "CareBridge 需要取得位置資訊以便在緊急求助時傳送給家庭成員";
				INFOPLIST_KEY_NSMicrophoneUsageDescription = "CareBridge 需要使用麥克風來進行語音輸入";
				INFOPLIST_KEY_NSPhotoLibraryUsageDescription = "CareBridge 需要存取相片庫來選擇收據圖片";
				INFOPLIST_KEY_UIApplicationSceneManifest_Generation = YES;
				INFOPLIST_KEY_UIApplicationSupportsIndirectInputEvents = YES;
				INFOPLIST_KEY_UILaunchScreen_Generation = YES;
				INFOPLIST_KEY_UISupportedInterfaceOrientations_iPad = "UIInterfaceOrientationPortrait UIInterfaceOrientationPortraitUpsideDown UIInterfaceOrientationLandscapeLeft UIInterfaceOrientationLandscapeRight";
				INFOPLIST_KEY_UISupportedInterfaceOrientations_iPhone = "UIInterfaceOrientationPortrait UIInterfaceOrientationLandscapeLeft UIInterfaceOrientationLandscapeRight";
				LD_RUNPATH_SEARCH_PATHS = (
					"$(inherited)",
					"@executable_path/Frameworks",
				);
				MARKETING_VERSION = 1.0;
				PRODUCT_BUNDLE_IDENTIFIER = Hank.CareBridge;
				PRODUCT_NAME = "$(TARGET_NAME)";
				STRING_CATALOG_GENERATE_SYMBOLS = YES;
				SWIFT_APPROACHABLE_CONCURRENCY = YES;
				SWIFT_DEFAULT_ACTOR_ISOLATION = MainActor;
				SWIFT_EMIT_LOC_STRINGS = YES;
				SWIFT_UPCOMING_FEATURE_MEMBER_IMPORT_VISIBILITY = YES;
				SWIFT_VERSION = 5.0;
				TARGETED_DEVICE_FAMILY = "1,2";
			};
			name = Release;
		};
		36E53EA32F86C1ED00E38F41 /* Debug */ = {
			isa = XCBuildConfiguration;
			buildSettings = {
				BUNDLE_LOADER = "$(TEST_HOST)";
				CODE_SIGN_STYLE = Automatic;
				CURRENT_PROJECT_VERSION = 1;
				GENERATE_INFOPLIST_FILE = YES;
				IPHONEOS_DEPLOYMENT_TARGET = 26.4;
				MARKETING_VERSION = 1.0;
				PRODUCT_BUNDLE_IDENTIFIER = Hank.CareBridgeTests;
				PRODUCT_NAME = "$(TARGET_NAME)";
				STRING_CATALOG_GENERATE_SYMBOLS = NO;
				SWIFT_APPROACHABLE_CONCURRENCY = YES;
				SWIFT_EMIT_LOC_STRINGS = NO;
				SWIFT_UPCOMING_FEATURE_MEMBER_IMPORT_VISIBILITY = YES;
				SWIFT_VERSION = 5.0;
				TARGETED_DEVICE_FAMILY = "1,2";
				TEST_HOST = "$(BUILT_PRODUCTS_DIR)/CareBridge.app/$(BUNDLE_EXECUTABLE_FOLDER_PATH)/CareBridge";
			};
			name = Debug;
		};
		36E53EA42F86C1ED00E38F41 /* Release */ = {
			isa = XCBuildConfiguration;
			buildSettings = {
				BUNDLE_LOADER = "$(TEST_HOST)";
				CODE_SIGN_STYLE = Automatic;
				CURRENT_PROJECT_VERSION = 1;
				GENERATE_INFOPLIST_FILE = YES;
				IPHONEOS_DEPLOYMENT_TARGET = 26.4;
				MARKETING_VERSION = 1.0;
				PRODUCT_BUNDLE_IDENTIFIER = Hank.CareBridgeTests;
				PRODUCT_NAME = "$(TARGET_NAME)";
				STRING_CATALOG_GENERATE_SYMBOLS = NO;
				SWIFT_APPROACHABLE_CONCURRENCY = YES;
				SWIFT_EMIT_LOC_STRINGS = NO;
				SWIFT_UPCOMING_FEATURE_MEMBER_IMPORT_VISIBILITY = YES;
				SWIFT_VERSION = 5.0;
				TARGETED_DEVICE_FAMILY = "1,2";
				TEST_HOST = "$(BUILT_PRODUCTS_DIR)/CareBridge.app/$(BUNDLE_EXECUTABLE_FOLDER_PATH)/CareBridge";
			};
			name = Release;
		};
		36E53EA62F86C1ED00E38F41 /* Debug */ = {
			isa = XCBuildConfiguration;
			buildSettings = {
				CODE_SIGN_STYLE = Automatic;
				CURRENT_PROJECT_VERSION = 1;
				GENERATE_INFOPLIST_FILE = YES;
				MARKETING_VERSION = 1.0;
				PRODUCT_BUNDLE_IDENTIFIER = Hank.CareBridgeUITests;
				PRODUCT_NAME = "$(TARGET_NAME)";
				STRING_CATALOG_GENERATE_SYMBOLS = NO;
				SWIFT_APPROACHABLE_CONCURRENCY = YES;
				SWIFT_EMIT_LOC_STRINGS = NO;
				SWIFT_UPCOMING_FEATURE_MEMBER_IMPORT_VISIBILITY = YES;
				SWIFT_VERSION = 5.0;
				TARGETED_DEVICE_FAMILY = "1,2";
				TEST_TARGET_NAME = CareBridge;
			};
			name = Debug;
		};
		36E53EA72F86C1ED00E38F41 /* Release */ = {
			isa = XCBuildConfiguration;
			buildSettings = {
				CODE_SIGN_STYLE = Automatic;
				CURRENT_PROJECT_VERSION = 1;
				GENERATE_INFOPLIST_FILE = YES;
				MARKETING_VERSION = 1.0;
				PRODUCT_BUNDLE_IDENTIFIER = Hank.CareBridgeUITests;
				PRODUCT_NAME = "$(TARGET_NAME)";
				STRING_CATALOG_GENERATE_SYMBOLS = NO;
				SWIFT_APPROACHABLE_CONCURRENCY = YES;
				SWIFT_EMIT_LOC_STRINGS = NO;
				SWIFT_UPCOMING_FEATURE_MEMBER_IMPORT_VISIBILITY = YES;
				SWIFT_VERSION = 5.0;
				TARGETED_DEVICE_FAMILY = "1,2";
				TEST_TARGET_NAME = CareBridge;
			};
			name = Release;
		};
/* End XCBuildConfiguration section */

/* Begin XCConfigurationList section */
		36E53E792F86C1EC00E38F41 /* Build configuration list for PBXProject "CareBridge" */ = {
			isa = XCConfigurationList;
			buildConfigurations = (
				36E53E9D2F86C1ED00E38F41 /* Debug */,
				36E53E9E2F86C1ED00E38F41 /* Release */,
			);
			defaultConfigurationIsVisible = 0;
			defaultConfigurationName = Release;
		};
		36E53E9F2F86C1ED00E38F41 /* Build configuration list for PBXNativeTarget "CareBridge" */ = {
			isa = XCConfigurationList;
			buildConfigurations = (
				36E53EA02F86C1ED00E38F41 /* Debug */,
				36E53EA12F86C1ED00E38F41 /* Release */,
			);
			defaultConfigurationIsVisible = 0;
			defaultConfigurationName = Release;
		};
		36E53EA22F86C1ED00E38F41 /* Build configuration list for PBXNativeTarget "CareBridgeTests" */ = {
			isa = XCConfigurationList;
			buildConfigurations = (
				36E53EA32F86C1ED00E38F41 /* Debug */,
				36E53EA42F86C1ED00E38F41 /* Release */,
			);
			defaultConfigurationIsVisible = 0;
			defaultConfigurationName = Release;
		};
		36E53EA52F86C1ED00E38F41 /* Build configuration list for PBXNativeTarget "CareBridgeUITests" */ = {
			isa = XCConfigurationList;
			buildConfigurations = (
				36E53EA62F86C1ED00E38F41 /* Debug */,
				36E53EA72F86C1ED00E38F41 /* Release */,
			);
			defaultConfigurationIsVisible = 0;
			defaultConfigurationName = Release;
		};
/* End XCConfigurationList section */
	};
	rootObject = 36E53E762F86C1EC00E38F41 /* Project object */;
}
